
Microsoft Visual Studio Solution File, Format Version 12.00
# Visual Studio Version 17
VisualStudioVersion = 17.4.33110.190
MinimumVisualStudioVersion = 10.0.40219.1
Project("{9A19103F-16F7-4668-BE54-9A1E7A4F7556}") = "Cronable", "Cronable.csproj", "{261CB348-A505-410A-BB0B-222CBB903094}"
EndProject
Project("{FAE04EC0-301F-11D3-BF4B-00C04F79EFBC}") = "Cronable.Sample", "..\Cronable.Sample\Cronable.Sample.csproj", "{564AA857-63B2-409E-9FD0-BE925F131B87}"
EndProject
Global
	GlobalSection(SolutionConfigurationPlatforms) = preSolution
		Debug|Any CPU = Debug|Any CPU
		Release|Any CPU = Release|Any CPU
	EndGlobalSection
	GlobalSection(ProjectConfigurationPlatforms) = postSolution
		{261CB348-A505-410A-BB0B-222CBB903094}.Debug|Any CPU.ActiveCfg = Debug|Any CPU
		{261CB348-A505-410A-BB0B-222CBB903094}.Debug|Any CPU.Build.0 = Debug|Any CPU
		{261CB348-A505-410A-BB0B-222CBB903094}.Release|Any CPU.ActiveCfg = Release|Any CPU
		{261CB348-A505-410A-BB0B-222CBB903094}.Release|Any CPU.Build.0 = Release|Any CPU
		{564AA857-63B2-409E-9FD0-BE925F131B87}.Debug|Any CPU.ActiveCfg = Debug|Any CPU
		{564AA857-63B2-409E-9FD0-BE925F131B87}.Debug|Any CPU.Build.0 = Debug|Any CPU
		{564AA857-63B2-409E-9FD0-BE925F131B87}.Release|Any CPU.ActiveCfg = Release|Any CPU
		{564AA857-63B2-409E-9FD0-BE925F131B87}.Release|Any CPU.Build.0 = Release|Any CPU
	EndGlobalSection
	GlobalSection(SolutionProperties) = preSolution
		HideSolutionNode = FALSE
	EndGlobalSection
	GlobalSection(ExtensibilityGlobals) = postSolution
		SolutionGuid = {D8285E1C-A756-4AD7-B3A1-D5C4E6FE584B}
	EndGlobalSection
EndGlobal
