
Microsoft Visual Studio Solution File, Format Version 12.00
# Visual Studio Version 17
VisualStudioVersion = 17.4.33110.190
MinimumVisualStudioVersion = 10.0.40219.1
Project("{9A19103F-16F7-4668-BE54-9A1E7A4F7556}") = "Cronable", "Cronable\Cronable.csproj", "{68C869F0-B8D7-4EDA-B920-2656C22703E8}"
EndProject
Project("{9A19103F-16F7-4668-BE54-9A1E7A4F7556}") = "Cronable.Sample", "Cronable.Sample\Cronable.Sample.csproj", "{289187F6-7B5C-4865-B879-4C0FB1DEB885}"
EndProject
Global
	GlobalSection(SolutionConfigurationPlatforms) = preSolution
		Debug|Any CPU = Debug|Any CPU
		Release|Any CPU = Release|Any CPU
	EndGlobalSection
	GlobalSection(ProjectConfigurationPlatforms) = postSolution
		{68C869F0-B8D7-4EDA-B920-2656C22703E8}.Debug|Any CPU.ActiveCfg = Debug|Any CPU
		{68C869F0-B8D7-4EDA-B920-2656C22703E8}.Debug|Any CPU.Build.0 = Debug|Any CPU
		{68C869F0-B8D7-4EDA-B920-2656C22703E8}.Release|Any CPU.ActiveCfg = Release|Any CPU
		{68C869F0-B8D7-4EDA-B920-2656C22703E8}.Release|Any CPU.Build.0 = Release|Any CPU
		{289187F6-7B5C-4865-B879-4C0FB1DEB885}.Debug|Any CPU.ActiveCfg = Debug|Any CPU
		{289187F6-7B5C-4865-B879-4C0FB1DEB885}.Debug|Any CPU.Build.0 = Debug|Any CPU
		{289187F6-7B5C-4865-B879-4C0FB1DEB885}.Release|Any CPU.ActiveCfg = Release|Any CPU
		{289187F6-7B5C-4865-B879-4C0FB1DEB885}.Release|Any CPU.Build.0 = Release|Any CPU
	EndGlobalSection
	GlobalSection(SolutionProperties) = preSolution
		HideSolutionNode = FALSE
	EndGlobalSection
	GlobalSection(ExtensibilityGlobals) = postSolution
		SolutionGuid = {D8285E1C-A756-4AD7-B3A1-D5C4E6FE584B}
	EndGlobalSection
EndGlobal
